{
    "_meta": {
        "hash": {
            "sha256": "73ac25ef2ce1ae868cc76a2daf55449c114bcb87728f6cdaaad3e8ad1a5aa1b7"
        },
        "pipfile-spec": 6,
        "requires": {
            "python_version": "3.9"
        },
        "sources": [
            {
                "name": "pypi",
                "url": "https://pypi.org/simple",
                "verify_ssl": true
            }
        ]
    },
    "default": {},
    "develop": {}
}
